
Microsoft Visual Studio Solution File, Format Version 12.00
# Visual Studio 14
VisualStudioVersion = 14.0.25123.0
MinimumVisualStudioVersion = 10.0.40219.1
Project("{F2A71F9B-5D33-465A-A702-920D77279786}") = "Fooble.Core", "src\Fooble.Core\Fooble.Core.fsproj", "{807E9944-9329-40C3-AC0E-74920A316CB6}"
EndProject
Project("{2150E333-8FDC-42A3-9474-1A3956D46DE8}") = "src", "src", "{AFBA107A-3E09-4144-9A81-98E9D0546E19}"
EndProject
Project("{2150E333-8FDC-42A3-9474-1A3956D46DE8}") = "test", "test", "{D4A4769A-F440-44D7-B71F-317DB3FA7CF5}"
EndProject
Project("{F2A71F9B-5D33-465A-A702-920D77279786}") = "Fooble.UnitTest", "test\Fooble.UnitTest\Fooble.UnitTest.fsproj", "{F1D4FF61-3982-4605-8BAF-1E7F941165CD}"
EndProject
Project("{FAE04EC0-301F-11D3-BF4B-00C04F79EFBC}") = "Fooble.Web", "src\Fooble.Web\Fooble.Web.csproj", "{B8E7F59F-08FE-48AB-9640-6A0B41083496}"
EndProject
Project("{F2A71F9B-5D33-465A-A702-920D77279786}") = "Fooble.Persistence", "src\Fooble.Persistence\Fooble.Persistence.fsproj", "{6324603A-6972-4B7E-AE8B-A5E4A13A657F}"
EndProject
Project("{F2A71F9B-5D33-465A-A702-920D77279786}") = "Fooble.IntegrationTest", "test\Fooble.IntegrationTest\Fooble.IntegrationTest.fsproj", "{72FBC0FE-F9FB-4ED6-AD2C-4CB8D2F51C17}"
EndProject
Project("{F2A71F9B-5D33-465A-A702-920D77279786}") = "Fooble.Presentation", "src\Fooble.Presentation\Fooble.Presentation.fsproj", "{6ADFDC6E-B3ED-4A21-8D14-5F447082C4B1}"
EndProject
Project("{2150E333-8FDC-42A3-9474-1A3956D46DE8}") = "Common", "Common", "{79D1FB1D-5C20-4E07-B677-A6C9DE6866A7}"
	ProjectSection(SolutionItems) = preProject
		src\Common\CommonHelpers.fs = src\Common\CommonHelpers.fs
		src\Common\GlobalAssemblyInfo.cs = src\Common\GlobalAssemblyInfo.cs
		src\Common\GlobalAssemblyInfo.fs = src\Common\GlobalAssemblyInfo.fs
	EndProjectSection
EndProject
Global
	GlobalSection(SolutionConfigurationPlatforms) = preSolution
		Debug|Any CPU = Debug|Any CPU
		Release|Any CPU = Release|Any CPU
		Description = An online repository of information, where users can describe, utilize and share data.
	EndGlobalSection
	GlobalSection(ProjectConfigurationPlatforms) = postSolution
		{807E9944-9329-40C3-AC0E-74920A316CB6}.Debug|Any CPU.ActiveCfg = Debug|Any CPU
		{807E9944-9329-40C3-AC0E-74920A316CB6}.Debug|Any CPU.Build.0 = Debug|Any CPU
		{807E9944-9329-40C3-AC0E-74920A316CB6}.Release|Any CPU.ActiveCfg = Release|Any CPU
		{807E9944-9329-40C3-AC0E-74920A316CB6}.Release|Any CPU.Build.0 = Release|Any CPU
		{F1D4FF61-3982-4605-8BAF-1E7F941165CD}.Debug|Any CPU.ActiveCfg = Debug|Any CPU
		{F1D4FF61-3982-4605-8BAF-1E7F941165CD}.Debug|Any CPU.Build.0 = Debug|Any CPU
		{F1D4FF61-3982-4605-8BAF-1E7F941165CD}.Release|Any CPU.ActiveCfg = Release|Any CPU
		{F1D4FF61-3982-4605-8BAF-1E7F941165CD}.Release|Any CPU.Build.0 = Release|Any CPU
		{B8E7F59F-08FE-48AB-9640-6A0B41083496}.Debug|Any CPU.ActiveCfg = Debug|Any CPU
		{B8E7F59F-08FE-48AB-9640-6A0B41083496}.Debug|Any CPU.Build.0 = Debug|Any CPU
		{B8E7F59F-08FE-48AB-9640-6A0B41083496}.Release|Any CPU.ActiveCfg = Release|Any CPU
		{B8E7F59F-08FE-48AB-9640-6A0B41083496}.Release|Any CPU.Build.0 = Release|Any CPU
		{6324603A-6972-4B7E-AE8B-A5E4A13A657F}.Debug|Any CPU.ActiveCfg = Debug|Any CPU
		{6324603A-6972-4B7E-AE8B-A5E4A13A657F}.Debug|Any CPU.Build.0 = Debug|Any CPU
		{6324603A-6972-4B7E-AE8B-A5E4A13A657F}.Release|Any CPU.ActiveCfg = Release|Any CPU
		{6324603A-6972-4B7E-AE8B-A5E4A13A657F}.Release|Any CPU.Build.0 = Release|Any CPU
		{72FBC0FE-F9FB-4ED6-AD2C-4CB8D2F51C17}.Debug|Any CPU.ActiveCfg = Debug|Any CPU
		{72FBC0FE-F9FB-4ED6-AD2C-4CB8D2F51C17}.Debug|Any CPU.Build.0 = Debug|Any CPU
		{72FBC0FE-F9FB-4ED6-AD2C-4CB8D2F51C17}.Release|Any CPU.ActiveCfg = Release|Any CPU
		{72FBC0FE-F9FB-4ED6-AD2C-4CB8D2F51C17}.Release|Any CPU.Build.0 = Release|Any CPU
		{6ADFDC6E-B3ED-4A21-8D14-5F447082C4B1}.Debug|Any CPU.ActiveCfg = Debug|Any CPU
		{6ADFDC6E-B3ED-4A21-8D14-5F447082C4B1}.Debug|Any CPU.Build.0 = Debug|Any CPU
		{6ADFDC6E-B3ED-4A21-8D14-5F447082C4B1}.Release|Any CPU.ActiveCfg = Release|Any CPU
		{6ADFDC6E-B3ED-4A21-8D14-5F447082C4B1}.Release|Any CPU.Build.0 = Release|Any CPU
	EndGlobalSection
	GlobalSection(SolutionProperties) = preSolution
		HideSolutionNode = FALSE
	EndGlobalSection
	GlobalSection(NestedProjects) = preSolution
		{807E9944-9329-40C3-AC0E-74920A316CB6} = {AFBA107A-3E09-4144-9A81-98E9D0546E19}
		{F1D4FF61-3982-4605-8BAF-1E7F941165CD} = {D4A4769A-F440-44D7-B71F-317DB3FA7CF5}
		{B8E7F59F-08FE-48AB-9640-6A0B41083496} = {AFBA107A-3E09-4144-9A81-98E9D0546E19}
		{6324603A-6972-4B7E-AE8B-A5E4A13A657F} = {AFBA107A-3E09-4144-9A81-98E9D0546E19}
		{72FBC0FE-F9FB-4ED6-AD2C-4CB8D2F51C17} = {D4A4769A-F440-44D7-B71F-317DB3FA7CF5}
		{6ADFDC6E-B3ED-4A21-8D14-5F447082C4B1} = {AFBA107A-3E09-4144-9A81-98E9D0546E19}
		{79D1FB1D-5C20-4E07-B677-A6C9DE6866A7} = {AFBA107A-3E09-4144-9A81-98E9D0546E19}
	EndGlobalSection
EndGlobal
